
Microsoft Visual Studio Solution File, Format Version 12.00
# Visual Studio Version 17
VisualStudioVersion = 17.2.32505.173
MinimumVisualStudioVersion = 10.0.40219.1
Project("{9A19103F-16F7-4668-BE54-9A1E7A4F7556}") = "BusinessLayerEClinic", "BusinessLayerEClinic\BusinessLayerEClinic.csproj", "{3E96F630-BAEA-44ED-9407-1E27D34344BE}"
EndProject
Project("{FAE04EC0-301F-11D3-BF4B-00C04F79EFBC}") = "UnitTestBusinessLayer", "UnitTestBusinessLayer\UnitTestBusinessLayer.csproj", "{1C87DF9E-2A50-4D71-ADBB-84E08BFD78DC}"
EndProject
Global
	GlobalSection(SolutionConfigurationPlatforms) = preSolution
		Debug|Any CPU = Debug|Any CPU
		Release|Any CPU = Release|Any CPU
	EndGlobalSection
	GlobalSection(ProjectConfigurationPlatforms) = postSolution
		{3E96F630-BAEA-44ED-9407-1E27D34344BE}.Debug|Any CPU.ActiveCfg = Debug|Any CPU
		{3E96F630-BAEA-44ED-9407-1E27D34344BE}.Debug|Any CPU.Build.0 = Debug|Any CPU
		{3E96F630-BAEA-44ED-9407-1E27D34344BE}.Release|Any CPU.ActiveCfg = Release|Any CPU
		{3E96F630-BAEA-44ED-9407-1E27D34344BE}.Release|Any CPU.Build.0 = Release|Any CPU
		{1C87DF9E-2A50-4D71-ADBB-84E08BFD78DC}.Debug|Any CPU.ActiveCfg = Debug|Any CPU
		{1C87DF9E-2A50-4D71-ADBB-84E08BFD78DC}.Debug|Any CPU.Build.0 = Debug|Any CPU
		{1C87DF9E-2A50-4D71-ADBB-84E08BFD78DC}.Release|Any CPU.ActiveCfg = Release|Any CPU
		{1C87DF9E-2A50-4D71-ADBB-84E08BFD78DC}.Release|Any CPU.Build.0 = Release|Any CPU
	EndGlobalSection
	GlobalSection(SolutionProperties) = preSolution
		HideSolutionNode = FALSE
	EndGlobalSection
	GlobalSection(ExtensibilityGlobals) = postSolution
		SolutionGuid = {162E948A-7633-4720-80CA-59FAC7ACEF65}
	EndGlobalSection
EndGlobal
